// !$*UTF8*$!
{
	archiveVersion = 1;
	classes = {
	};
	objectVersion = 46;
	objects = {

/* Begin PBXBuildFile section */
		4C7304CF20DF99E9000EEF5A /* main.cpp in Sources */ = {isa = PBXBuildFile; fileRef = 4C7304CE20DF99E9000EEF5A /* main.cpp */; };
		4CAE5C61205EB7B000078BEA /* OpenGL.framework in Frameworks */ = {isa = PBXBuildFile; fileRef = 4CAE5C60205EB7B000078BEA /* OpenGL.framework */; };
		4CAE5C63205EB7B500078BEA /* GLUT.framework in Frameworks */ = {isa = PBXBuildFile; fileRef = 4CAE5C62205EB7B500078BEA /* GLUT.framework */; };
		4CAE5C69205EB80400078BEA /* algebra3.cpp in Sources */ = {isa = PBXBuildFile; fileRef = 4CAE5C64205EB80400078BEA /* algebra3.cpp */; };
/* End PBXBuildFile section */

/* Begin PBXCopyFilesBuildPhase section */
		4CAE5C53205EB79300078BEA /* CopyFiles */ = {
			isa = PBXCopyFilesBuildPhase;
			buildActionMask = 2147483647;
			dstPath = /usr/share/man/man1/;
			dstSubfolderSpec = 0;
			files = (
			);
			runOnlyForDeploymentPostprocessing = 1;
		};
/* End PBXCopyFilesBuildPhase section */

/* Begin PBXFileReference section */
		4C21FBF8209DB03700BFA72D /* Test.txt */ = {isa = PBXFileReference; fileEncoding = 4; lastKnownFileType = text; path = Test.txt; sourceTree = "<group>"; };
		4C3D3590207A04CF009E0ED4 /* hw2_input.txt */ = {isa = PBXFileReference; fileEncoding = 4; lastKnownFileType = text; path = hw2_input.txt; sourceTree = "<group>"; };
		4C5250B8209CAD49003D8E22 /* BoundingBox.h */ = {isa = PBXFileReference; fileEncoding = 4; lastKnownFileType = sourcecode.c.h; path = BoundingBox.h; sourceTree = "<group>"; };
		4C5250B9209CAD49003D8E22 /* Input_Bunny.txt */ = {isa = PBXFileReference; fileEncoding = 4; lastKnownFileType = text; path = Input_Bunny.txt; sourceTree = "<group>"; };
		4C5250BA209CAD49003D8E22 /* Input_Suzanne.txt */ = {isa = PBXFileReference; fileEncoding = 4; lastKnownFileType = text; path = Input_Suzanne.txt; sourceTree = "<group>"; };
		4C5250BB209CAD49003D8E22 /* Material.h */ = {isa = PBXFileReference; fileEncoding = 4; lastKnownFileType = sourcecode.c.h; path = Material.h; sourceTree = "<group>"; };
		4C5250BC209CAD49003D8E22 /* OctNode.h */ = {isa = PBXFileReference; fileEncoding = 4; lastKnownFileType = sourcecode.c.h; path = OctNode.h; sourceTree = "<group>"; };
		4C5250BD209CAD49003D8E22 /* Ray.h */ = {isa = PBXFileReference; fileEncoding = 4; lastKnownFileType = sourcecode.c.h; path = Ray.h; sourceTree = "<group>"; };
		4C5250BE209CAD49003D8E22 /* Spheres.h */ = {isa = PBXFileReference; fileEncoding = 4; lastKnownFileType = sourcecode.c.h; path = Spheres.h; sourceTree = "<group>"; };
		4C5250BF209CAD49003D8E22 /* Triangles.h */ = {isa = PBXFileReference; fileEncoding = 4; lastKnownFileType = sourcecode.c.h; path = Triangles.h; sourceTree = "<group>"; };
		4C7304CB20DF938B000EEF5A /* triangle.txt */ = {isa = PBXFileReference; fileEncoding = 4; lastKnownFileType = text; path = triangle.txt; sourceTree = "<group>"; };
		4C7304CE20DF99E9000EEF5A /* main.cpp */ = {isa = PBXFileReference; fileEncoding = 4; lastKnownFileType = sourcecode.cpp.cpp; path = main.cpp; sourceTree = "<group>"; };
		4CAE5C55205EB79300078BEA /* CG */ = {isa = PBXFileReference; explicitFileType = "compiled.mach-o.executable"; includeInIndex = 0; path = CG; sourceTree = BUILT_PRODUCTS_DIR; };
		4CAE5C60205EB7B000078BEA /* OpenGL.framework */ = {isa = PBXFileReference; lastKnownFileType = wrapper.framework; name = OpenGL.framework; path = System/Library/Frameworks/OpenGL.framework; sourceTree = SDKROOT; };
		4CAE5C62205EB7B500078BEA /* GLUT.framework */ = {isa = PBXFileReference; lastKnownFileType = wrapper.framework; name = GLUT.framework; path = System/Library/Frameworks/GLUT.framework; sourceTree = SDKROOT; };
		4CAE5C64205EB80400078BEA /* algebra3.cpp */ = {isa = PBXFileReference; fileEncoding = 4; lastKnownFileType = sourcecode.cpp.cpp; path = algebra3.cpp; sourceTree = "<group>"; };
		4CAE5C65205EB80400078BEA /* algebra3.h */ = {isa = PBXFileReference; fileEncoding = 4; lastKnownFileType = sourcecode.c.h; path = algebra3.h; sourceTree = "<group>"; };
		4CAE5C66205EB80400078BEA /* hw1_input.txt */ = {isa = PBXFileReference; fileEncoding = 4; lastKnownFileType = text; path = hw1_input.txt; sourceTree = "<group>"; };
		4CAE5C67205EB80400078BEA /* imageIO.h */ = {isa = PBXFileReference; fileEncoding = 4; lastKnownFileType = sourcecode.c.h; path = imageIO.h; sourceTree = "<group>"; };
		4CB8F67120C3CCF30017870F /* KDNode.h */ = {isa = PBXFileReference; fileEncoding = 4; lastKnownFileType = sourcecode.c.h; path = KDNode.h; sourceTree = "<group>"; };
/* End PBXFileReference section */

/* Begin PBXFrameworksBuildPhase section */
		4CAE5C52205EB79300078BEA /* Frameworks */ = {
			isa = PBXFrameworksBuildPhase;
			buildActionMask = 2147483647;
			files = (
				4CAE5C63205EB7B500078BEA /* GLUT.framework in Frameworks */,
				4CAE5C61205EB7B000078BEA /* OpenGL.framework in Frameworks */,
			);
			runOnlyForDeploymentPostprocessing = 0;
		};
/* End PBXFrameworksBuildPhase section */

/* Begin PBXGroup section */
		4CAE5C4C205EB79300078BEA = {
			isa = PBXGroup;
			children = (
				4CAE5C57205EB79300078BEA /* CG */,
				4CAE5C56205EB79300078BEA /* Products */,
				4CAE5C5F205EB7B000078BEA /* Frameworks */,
			);
			sourceTree = "<group>";
		};
		4CAE5C56205EB79300078BEA /* Products */ = {
			isa = PBXGroup;
			children = (
				4CAE5C55205EB79300078BEA /* CG */,
			);
			name = Products;
			sourceTree = "<group>";
		};
		4CAE5C57205EB79300078BEA /* CG */ = {
			isa = PBXGroup;
			children = (
				4C7304CE20DF99E9000EEF5A /* main.cpp */,
				4C7304CB20DF938B000EEF5A /* triangle.txt */,
				4CB8F67120C3CCF30017870F /* KDNode.h */,
				4C21FBF8209DB03700BFA72D /* Test.txt */,
				4C5250B8209CAD49003D8E22 /* BoundingBox.h */,
				4C5250B9209CAD49003D8E22 /* Input_Bunny.txt */,
				4C5250BA209CAD49003D8E22 /* Input_Suzanne.txt */,
				4C5250BB209CAD49003D8E22 /* Material.h */,
				4C5250BC209CAD49003D8E22 /* OctNode.h */,
				4C5250BD209CAD49003D8E22 /* Ray.h */,
				4C5250BE209CAD49003D8E22 /* Spheres.h */,
				4C5250BF209CAD49003D8E22 /* Triangles.h */,
				4CAE5C64205EB80400078BEA /* algebra3.cpp */,
				4CAE5C65205EB80400078BEA /* algebra3.h */,
				4CAE5C66205EB80400078BEA /* hw1_input.txt */,
				4C3D3590207A04CF009E0ED4 /* hw2_input.txt */,
				4CAE5C67205EB80400078BEA /* imageIO.h */,
			);
			path = CG;
			sourceTree = "<group>";
		};
		4CAE5C5F205EB7B000078BEA /* Frameworks */ = {
			isa = PBXGroup;
			children = (
				4CAE5C62205EB7B500078BEA /* GLUT.framework */,
				4CAE5C60205EB7B000078BEA /* OpenGL.framework */,
			);
			name = Frameworks;
			sourceTree = "<group>";
		};
/* End PBXGroup section */

/* Begin PBXNativeTarget section */
		4CAE5C54205EB79300078BEA /* CG */ = {
			isa = PBXNativeTarget;
			buildConfigurationList = 4CAE5C5C205EB79300078BEA /* Build configuration list for PBXNativeTarget "CG" */;
			buildPhases = (
				4CAE5C51205EB79300078BEA /* Sources */,
				4CAE5C52205EB79300078BEA /* Frameworks */,
				4CAE5C53205EB79300078BEA /* CopyFiles */,
			);
			buildRules = (
			);
			dependencies = (
			);
			name = CG;
			productName = CG;
			productReference = 4CAE5C55205EB79300078BEA /* CG */;
			productType = "com.apple.product-type.tool";
		};
/* End PBXNativeTarget section */

/* Begin PBXProject section */
		4CAE5C4D205EB79300078BEA /* Project object */ = {
			isa = PBXProject;
			attributes = {
				LastUpgradeCheck = 0810;
				ORGANIZATIONNAME = Jessica;
				TargetAttributes = {
					4CAE5C54205EB79300078BEA = {
						CreatedOnToolsVersion = 8.1;
						ProvisioningStyle = Automatic;
					};
				};
			};
			buildConfigurationList = 4CAE5C50205EB79300078BEA /* Build configuration list for PBXProject "CG" */;
			compatibilityVersion = "Xcode 3.2";
			developmentRegion = English;
			hasScannedForEncodings = 0;
			knownRegions = (
				en,
			);
			mainGroup = 4CAE5C4C205EB79300078BEA;
			productRefGroup = 4CAE5C56205EB79300078BEA /* Products */;
			projectDirPath = "";
			projectRoot = "";
			targets = (
				4CAE5C54205EB79300078BEA /* CG */,
			);
		};
/* End PBXProject section */

/* Begin PBXSourcesBuildPhase section */
		4CAE5C51205EB79300078BEA /* Sources */ = {
			isa = PBXSourcesBuildPhase;
			buildActionMask = 2147483647;
			files = (
				4C7304CF20DF99E9000EEF5A /* main.cpp in Sources */,
				4CAE5C69205EB80400078BEA /* algebra3.cpp in Sources */,
			);
			runOnlyForDeploymentPostprocessing = 0;
		};
/* End PBXSourcesBuildPhase section */

/* Begin XCBuildConfiguration section */
		4CAE5C5A205EB79300078BEA /* Debug */ = {
			isa = XCBuildConfiguration;
			buildSettings = {
				ALWAYS_SEARCH_USER_PATHS = NO;
				CLANG_ANALYZER_NONNULL = YES;
				CLANG_CXX_LANGUAGE_STANDARD = "gnu++0x";
				CLANG_CXX_LIBRARY = "libc++";
				CLANG_ENABLE_MODULES = YES;
				CLANG_ENABLE_OBJC_ARC = YES;
				CLANG_WARN_BOOL_CONVERSION = YES;
				CLANG_WARN_CONSTANT_CONVERSION = YES;
				CLANG_WARN_DIRECT_OBJC_ISA_USAGE = YES_ERROR;
				CLANG_WARN_DOCUMENTATION_COMMENTS = YES;
				CLANG_WARN_EMPTY_BODY = YES;
				CLANG_WARN_ENUM_CONVERSION = YES;
				CLANG_WARN_INFINITE_RECURSION = YES;
				CLANG_WARN_INT_CONVERSION = YES;
				CLANG_WARN_OBJC_ROOT_CLASS = YES_ERROR;
				CLANG_WARN_SUSPICIOUS_MOVES = YES;
				CLANG_WARN_UNREACHABLE_CODE = YES;
				CLANG_WARN__DUPLICATE_METHOD_MATCH = YES;
				CODE_SIGN_IDENTITY = "-";
				COPY_PHASE_STRIP = NO;
				DEBUG_INFORMATION_FORMAT = dwarf;
				ENABLE_STRICT_OBJC_MSGSEND = YES;
				ENABLE_TESTABILITY = YES;
				GCC_C_LANGUAGE_STANDARD = gnu99;
				GCC_DYNAMIC_NO_PIC = NO;
				GCC_NO_COMMON_BLOCKS = YES;
				GCC_OPTIMIZATION_LEVEL = 0;
				GCC_PREPROCESSOR_DEFINITIONS = (
					"DEBUG=1",
					"$(inherited)",
				);
				GCC_WARN_64_TO_32_BIT_CONVERSION = YES;
				GCC_WARN_ABOUT_RETURN_TYPE = YES_ERROR;
				GCC_WARN_UNDECLARED_SELECTOR = YES;
				GCC_WARN_UNINITIALIZED_AUTOS = YES_AGGRESSIVE;
				GCC_WARN_UNUSED_FUNCTION = YES;
				GCC_WARN_UNUSED_VARIABLE = YES;
				MACOSX_DEPLOYMENT_TARGET = 10.11;
				MTL_ENABLE_DEBUG_INFO = YES;
				ONLY_ACTIVE_ARCH = YES;
				SDKROOT = macosx;
			};
			name = Debug;
		};
		4CAE5C5B205EB79300078BEA /* Release */ = {
			isa = XCBuildConfiguration;
			buildSettings = {
				ALWAYS_SEARCH_USER_PATHS = NO;
				CLANG_ANALYZER_NONNULL = YES;
				CLANG_CXX_LANGUAGE_STANDARD = "gnu++0x";
				CLANG_CXX_LIBRARY = "libc++";
				CLANG_ENABLE_MODULES = YES;
				CLANG_ENABLE_OBJC_ARC = YES;
				CLANG_WARN_BOOL_CONVERSION = YES;
				CLANG_WARN_CONSTANT_CONVERSION = YES;
				CLANG_WARN_DIRECT_OBJC_ISA_USAGE = YES_ERROR;
				CLANG_WARN_DOCUMENTATION_COMMENTS = YES;
				CLANG_WARN_EMPTY_BODY = YES;
				CLANG_WARN_ENUM_CONVERSION = YES;
				CLANG_WARN_INFINITE_RECURSION = YES;
				CLANG_WARN_INT_CONVERSION = YES;
				CLANG_WARN_OBJC_ROOT_CLASS = YES_ERROR;
				CLANG_WARN_SUSPICIOUS_MOVES = YES;
				CLANG_WARN_UNREACHABLE_CODE = YES;
				CLANG_WARN__DUPLICATE_METHOD_MATCH = YES;
				CODE_SIGN_IDENTITY = "-";
				COPY_PHASE_STRIP = NO;
				DEBUG_INFORMATION_FORMAT = "dwarf-with-dsym";
				ENABLE_NS_ASSERTIONS = NO;
				ENABLE_STRICT_OBJC_MSGSEND = YES;
				GCC_C_LANGUAGE_STANDARD = gnu99;
				GCC_NO_COMMON_BLOCKS = YES;
				GCC_WARN_64_TO_32_BIT_CONVERSION = YES;
				GCC_WARN_ABOUT_RETURN_TYPE = YES_ERROR;
				GCC_WARN_UNDECLARED_SELECTOR = YES;
				GCC_WARN_UNINITIALIZED_AUTOS = YES_AGGRESSIVE;
				GCC_WARN_UNUSED_FUNCTION = YES;
				GCC_WARN_UNUSED_VARIABLE = YES;
				MACOSX_DEPLOYMENT_TARGET = 10.11;
				MTL_ENABLE_DEBUG_INFO = NO;
				SDKROOT = macosx;
			};
			name = Release;
		};
		4CAE5C5D205EB79300078BEA /* Debug */ = {
			isa = XCBuildConfiguration;
			buildSettings = {
				PRODUCT_NAME = "$(TARGET_NAME)";
			};
			name = Debug;
		};
		4CAE5C5E205EB79300078BEA /* Release */ = {
			isa = XCBuildConfiguration;
			buildSettings = {
				PRODUCT_NAME = "$(TARGET_NAME)";
			};
			name = Release;
		};
/* End XCBuildConfiguration section */

/* Begin XCConfigurationList section */
		4CAE5C50205EB79300078BEA /* Build configuration list for PBXProject "CG" */ = {
			isa = XCConfigurationList;
			buildConfigurations = (
				4CAE5C5A205EB79300078BEA /* Debug */,
				4CAE5C5B205EB79300078BEA /* Release */,
			);
			defaultConfigurationIsVisible = 0;
			defaultConfigurationName = Release;
		};
		4CAE5C5C205EB79300078BEA /* Build configuration list for PBXNativeTarget "CG" */ = {
			isa = XCConfigurationList;
			buildConfigurations = (
				4CAE5C5D205EB79300078BEA /* Debug */,
				4CAE5C5E205EB79300078BEA /* Release */,
			);
			defaultConfigurationIsVisible = 0;
			defaultConfigurationName = Release;
		};
/* End XCConfigurationList section */
	};
	rootObject = 4CAE5C4D205EB79300078BEA /* Project object */;
}
